lockfileVersion: 5.4

specifiers:
  jslint: ^0.11.0
  three: ^0.91.0

dependencies:
  three: r2.cnpmjs.org/three/0.91.0

devDependencies:
  jslint: r2.cnpmjs.org/jslint/0.11.0

packages:

  /minimatch/3.1.2:
    resolution: {integrity: sha512-J7p63hRiAjw1NDEww1W7i37+ByIrOWO5XQQAzZ3VOcL0PNybwpfmV/N05zFAzwQ9USyEcX6t3UO+K5aqBQOIHw==}
    dependencies:
      brace-expansion: r2.cnpmjs.org/brace-expansion/1.1.11
    dev: true

  r2.cnpmjs.org/abbrev/1.1.1:
    resolution: {integrity: sha512-nne9/IiQ/hzIhY6pdDnbBtz7DjPTKrY00P/zvPSm5pOFkl6xuGrGnXn/VtTNNfNtAfZ9/1RtehkszU9qcTii0Q==, registry: https://r.cnpmjs.org/, tarball: https://r2.cnpmjs.org/abbrev/-/abbrev-1.1.1.tgz}
    name: abbrev
    version: 1.1.1
    dev: true

  r2.cnpmjs.org/balanced-match/1.0.2:
    resolution: {integrity: sha512-3oSeUO0TMV67hN1AmbXsK4yaqU7tjiHlbxRDZOpH0KW9+CeX4bRAaX0Anxt0tx2MrpRpWwQaPwIlISEJhYU5Pw==, registry: https://r.cnpmjs.org/, tarball: https://r2.cnpmjs.org/balanced-match/-/balanced-match-1.0.2.tgz}
    name: balanced-match
    version: 1.0.2
    dev: true

  r2.cnpmjs.org/brace-expansion/1.1.11:
    resolution: {integrity: sha512-iCuPHDFgrHX7H2vEI/5xpz07zSHB00TpugqhmYtVmMO6518mCuRMoOYFldEBl0g187ufozdaHgWKcYFb61qGiA==, registry: https://r.cnpmjs.org/, tarball: https://r2.cnpmjs.org/brace-expansion/-/brace-expansion-1.1.11.tgz}
    name: brace-expansion
    version: 1.1.11
    dependencies:
      balanced-match: r2.cnpmjs.org/balanced-match/1.0.2
      concat-map: r2.cnpmjs.org/concat-map/0.0.1
    dev: true

  r2.cnpmjs.org/buffer-shims/1.0.0:
    resolution: {integrity: sha512-Zy8ZXMyxIT6RMTeY7OP/bDndfj6bwCan7SS98CEndS6deHwWPpseeHlwarNcBim+etXnF9HBc1non5JgDaJU1g==, registry: https://r.cnpmjs.org/, tarball: https://r2.cnpmjs.org/buffer-shims/-/buffer-shims-1.0.0.tgz}
    name: buffer-shims
    version: 1.0.0
    dev: true

  r2.cnpmjs.org/concat-map/0.0.1:
    resolution: {integrity: sha512-/Srv4dswyQNBfohGpz9o6Yb3Gz3SrUDqBH5rTuhGR7ahtlbYKnVxw2bCFMRljaA7EXHaXZ8wsHdodFvbkhKmqg==, registry: https://r.cnpmjs.org/, tarball: https://r2.cnpmjs.org/concat-map/-/concat-map-0.0.1.tgz}
    name: concat-map
    version: 0.0.1
    dev: true

  r2.cnpmjs.org/core-util-is/1.0.3:
    resolution: {integrity: sha512-ZQBvi1DcpJ4GDqanjucZ2Hj3wEO5pZDS89BWbkcrvdxksJorwUDDZamX9ldFkp9aw2lmBDLgkObEA4DWNJ9FYQ==, registry: https://r.cnpmjs.org/, tarball: https://r2.cnpmjs.org/core-util-is/-/core-util-is-1.0.3.tgz}
    name: core-util-is
    version: 1.0.3
    dev: true

  r2.cnpmjs.org/exit/0.1.2:
    resolution: {integrity: sha512-Zk/eNKV2zbjpKzrsQ+n1G6poVbErQxJ0LBOJXaKZ1EViLzH+hrLu9cdXI4zw9dBQJslwBEpbQ2P1oS7nDxs6jQ==, registry: https://r.cnpmjs.org/, tarball: https://r2.cnpmjs.org/exit/-/exit-0.1.2.tgz}
    name: exit
    version: 0.1.2
    engines: {node: '>= 0.8.0'}
    dev: true

  r2.cnpmjs.org/fs.realpath/1.0.0:
    resolution: {integrity: sha512-OO0pH2lK6a0hZnAdau5ItzHPI6pUlvI7jMVnxUQRtw4owF2wk8lOSabtGDCTP4Ggrg2MbGnWO9X8K1t4+fGMDw==, registry: https://r.cnpmjs.org/, tarball: https://r2.cnpmjs.org/fs.realpath/-/fs.realpath-1.0.0.tgz}
    name: fs.realpath
    version: 1.0.0
    dev: true

  r2.cnpmjs.org/glob/7.1.7:
    resolution: {integrity: sha512-OvD9ENzPLbegENnYP5UUfJIirTg4+XwMWGaQfQTY0JenxNvvIKP3U3/tAQSPIu/lHxXYSZmpXlUHeqAIdKzBLQ==, registry: https://r.cnpmjs.org/, tarball: https://r2.cnpmjs.org/glob/-/glob-7.1.7.tgz}
    name: glob
    version: 7.1.7
    dependencies:
      fs.realpath: r2.cnpmjs.org/fs.realpath/1.0.0
      inflight: r2.cnpmjs.org/inflight/1.0.6
      inherits: r2.cnpmjs.org/inherits/2.0.4
      minimatch: 3.1.2
      once: r2.cnpmjs.org/once/1.4.0
      path-is-absolute: r2.cnpmjs.org/path-is-absolute/1.0.1
    dev: true

  r2.cnpmjs.org/inflight/1.0.6:
    resolution: {integrity: sha512-k92I/b08q4wvFscXCLvqfsHCrjrF7yiXsQuIVvVE7N82W3+aqpzuUdBbfhWcy/FZR3/4IgflMgKLOsvPDrGCJA==, registry: https://r.cnpmjs.org/, tarball: https://r2.cnpmjs.org/inflight/-/inflight-1.0.6.tgz}
    name: inflight
    version: 1.0.6
    dependencies:
      once: r2.cnpmjs.org/once/1.4.0
      wrappy: r2.cnpmjs.org/wrappy/1.0.2
    dev: true

  r2.cnpmjs.org/inherits/2.0.4:
    resolution: {integrity: sha512-k/vGaX4/Yla3WzyMCvTQOXYeIHvqOKtnqBduzTHpzpQZzAskKMhZ2K+EnBiSM9zGSoIFeMpXKxa4dYeZIQqewQ==, registry: https://r.cnpmjs.org/, tarball: https://r2.cnpmjs.org/inherits/-/inherits-2.0.4.tgz}
    name: inherits
    version: 2.0.4
    dev: true

  r2.cnpmjs.org/isarray/1.0.0:
    resolution: {integrity: sha512-VLghIWNM6ELQzo7zwmcg0NmTVyWKYjvIeM83yjp0wRDTmUnrM678fQbcKBo6n2CJEF0szoG//ytg+TKla89ALQ==, registry: https://r.cnpmjs.org/, tarball: https://r2.cnpmjs.org/isarray/-/isarray-1.0.0.tgz}
    name: isarray
    version: 1.0.0
    dev: true

  r2.cnpmjs.org/jslint/0.11.0:
    resolution: {integrity: sha512-8fJpIIYo9+EtR4v+qZxZKsaVQB1L974SWCHcmXLnvtYUQ2PBXZ5NCTSrWolJhYMBaGmrj1OPFnI8avksDQhtRA==, registry: https://r.cnpmjs.org/, tarball: https://r2.cnpmjs.org/jslint/-/jslint-0.11.0.tgz}
    name: jslint
    version: 0.11.0
    engines: {node: '>=0.8.0'}
    hasBin: true
    dependencies:
      exit: r2.cnpmjs.org/exit/0.1.2
      glob: r2.cnpmjs.org/glob/7.1.7
      nopt: r2.cnpmjs.org/nopt/3.0.6
      readable-stream: r2.cnpmjs.org/readable-stream/2.1.5
    dev: true

  r2.cnpmjs.org/nopt/3.0.6:
    resolution: {integrity: sha512-4GUt3kSEYmk4ITxzB/b9vaIDfUVWN/Ml1Fwl11IlnIG2iaJ9O6WXZ9SrYM9NLI8OCBieN2Y8SWC2oJV0RQ7qYg==, registry: https://r.cnpmjs.org/, tarball: https://r2.cnpmjs.org/nopt/-/nopt-3.0.6.tgz}
    name: nopt
    version: 3.0.6
    hasBin: true
    dependencies:
      abbrev: r2.cnpmjs.org/abbrev/1.1.1
    dev: true

  r2.cnpmjs.org/once/1.4.0:
    resolution: {integrity: sha512-lNaJgI+2Q5URQBkccEKHTQOPaXdUxnZZElQTZY0MFUAuaEqe1E+Nyvgdz/aIyNi6Z9MzO5dv1H8n58/GELp3+w==, registry: https://r.cnpmjs.org/, tarball: https://r2.cnpmjs.org/once/-/once-1.4.0.tgz}
    name: once
    version: 1.4.0
    dependencies:
      wrappy: r2.cnpmjs.org/wrappy/1.0.2
    dev: true

  r2.cnpmjs.org/path-is-absolute/1.0.1:
    resolution: {integrity: sha512-AVbw3UJ2e9bq64vSaS9Am0fje1Pa8pbGqTTsmXfaIiMpnr5DlDhfJOuLj9Sf95ZPVDAUerDfEk88MPmPe7UCQg==, registry: https://r.cnpmjs.org/, tarball: https://r2.cnpmjs.org/path-is-absolute/-/path-is-absolute-1.0.1.tgz}
    name: path-is-absolute
    version: 1.0.1
    engines: {node: '>=0.10.0'}
    dev: true

  r2.cnpmjs.org/process-nextick-args/1.0.7:
    resolution: {integrity: sha512-yN0WQmuCX63LP/TMvAg31nvT6m4vDqJEiiv2CAZqWOGNWutc9DfDk1NPYYmKUFmaVM2UwDowH4u5AHWYP/jxKw==, registry: https://r.cnpmjs.org/, tarball: https://r2.cnpmjs.org/process-nextick-args/-/process-nextick-args-1.0.7.tgz}
    name: process-nextick-args
    version: 1.0.7
    dev: true

  r2.cnpmjs.org/readable-stream/2.1.5:
    resolution: {integrity: sha512-NkXT2AER7VKXeXtJNSaWLpWIhmtSE3K2PguaLEeWr4JILghcIKqoLt1A3wHrnpDC5+ekf8gfk1GKWkFXe4odMw==, registry: https://r.cnpmjs.org/, tarball: https://r2.cnpmjs.org/readable-stream/-/readable-stream-2.1.5.tgz}
    name: readable-stream
    version: 2.1.5
    dependencies:
      buffer-shims: r2.cnpmjs.org/buffer-shims/1.0.0
      core-util-is: r2.cnpmjs.org/core-util-is/1.0.3
      inherits: r2.cnpmjs.org/inherits/2.0.4
      isarray: r2.cnpmjs.org/isarray/1.0.0
      process-nextick-args: r2.cnpmjs.org/process-nextick-args/1.0.7
      string_decoder: r2.cnpmjs.org/string_decoder/0.10.31
      util-deprecate: r2.cnpmjs.org/util-deprecate/1.0.2
    dev: true

  r2.cnpmjs.org/string_decoder/0.10.31:
    resolution: {integrity: sha512-ev2QzSzWPYmy9GuqfIVildA4OdcGLeFZQrq5ys6RtiuF+RQQiZWr8TZNyAcuVXyQRYfEO+MsoB/1BuQVhOJuoQ==, registry: https://r.cnpmjs.org/, tarball: https://r2.cnpmjs.org/string_decoder/-/string_decoder-0.10.31.tgz}
    name: string_decoder
    version: 0.10.31
    dev: true

  r2.cnpmjs.org/three/0.91.0:
    resolution: {integrity: sha512-dzikzdcddNROFZi3vkbV8YonBmqnonbJv2FxlQBEE2wKzZutddnjiS8qBZG2+EB40l505Xw8OMClQm+GmbwI/g==, registry: https://r.cnpmjs.org/, tarball: https://r2.cnpmjs.org/three/-/three-0.91.0.tgz}
    name: three
    version: 0.91.0
    dev: false

  r2.cnpmjs.org/util-deprecate/1.0.2:
    resolution: {integrity: sha512-EPD5q1uXyFxJpCrLnCc1nHnq3gOa6DZBocAIiI2TaSCA7VCJ1UJDMagCzIkXNsUYfD1daK//LTEQ8xiIbrHtcw==, registry: https://r.cnpmjs.org/, tarball: https://r2.cnpmjs.org/util-deprecate/-/util-deprecate-1.0.2.tgz}
    name: util-deprecate
    version: 1.0.2
    dev: true

  r2.cnpmjs.org/wrappy/1.0.2:
    resolution: {integrity: sha512-l4Sp/DRseor9wL6EvV2+TuQn63dMkPjZ/sp9XkghTEbV9KlPS1xUsZ3u7/IQO4wxtcFB4bgpQPRcR3QCvezPcQ==, registry: https://r.cnpmjs.org/, tarball: https://r2.cnpmjs.org/wrappy/-/wrappy-1.0.2.tgz}
    name: wrappy
    version: 1.0.2
    dev: true
